// !$*UTF8*$!
{
	archiveVersion = 1;
	classes = {
	};
	objectVersion = 46;
	objects = {

/* Begin PBXBuildFile section */
		034F4ABA1F1D6FCF00D4B238 /* GroupViewController.swift in Sources */ = {isa = PBXBuildFile; fileRef = 034F4AB91F1D6FCF00D4B238 /* GroupViewController.swift */; };
		035597CF1EF1B8C900E74B07 /* HomepageViewController.swift in Sources */ = {isa = PBXBuildFile; fileRef = 035597CE1EF1B8C900E74B07 /* HomepageViewController.swift */; };
		035597D11EF1FA4C00E74B07 /* Home.png in Resources */ = {isa = PBXBuildFile; fileRef = 035597D01EF1FA4C00E74B07 /* Home.png */; };
		035597D31EF32CAB00E74B07 /* inventoryTracking.jpg in Resources */ = {isa = PBXBuildFile; fileRef = 035597D21EF32CAB00E74B07 /* inventoryTracking.jpg */; };
		035597D51EF32CF300E74B07 /* inventorySetup.png in Resources */ = {isa = PBXBuildFile; fileRef = 035597D41EF32CF300E74B07 /* inventorySetup.png */; };
		035597D71EF32D6100E74B07 /* accountManagement.png in Resources */ = {isa = PBXBuildFile; fileRef = 035597D61EF32D6100E74B07 /* accountManagement.png */; };
		035597D91EF32E3A00E74B07 /* contactUs.png in Resources */ = {isa = PBXBuildFile; fileRef = 035597D81EF32E3A00E74B07 /* contactUs.png */; };
		035597DB1EF3510900E74B07 /* BaseViewController.swift in Sources */ = {isa = PBXBuildFile; fileRef = 035597DA1EF3510900E74B07 /* BaseViewController.swift */; };
		035597DD1EF3523500E74B07 /* InventorySetupViewController.swift in Sources */ = {isa = PBXBuildFile; fileRef = 035597DC1EF3523500E74B07 /* InventorySetupViewController.swift */; };
		035597E11EF3525100E74B07 /* AccountManagementViewController.swift in Sources */ = {isa = PBXBuildFile; fileRef = 035597E01EF3525100E74B07 /* AccountManagementViewController.swift */; };
		035597E51EF9A3E700E74B07 /* Second.storyboard in Resources */ = {isa = PBXBuildFile; fileRef = 035597E41EF9A3E700E74B07 /* Second.storyboard */; };
		035597F11EF9D1B600E74B07 /* ContactUsViewController.swift in Sources */ = {isa = PBXBuildFile; fileRef = 035597F01EF9D1B600E74B07 /* ContactUsViewController.swift */; };
		035597F51EFC356E00E74B07 /* InventoryTrackingViewController.swift in Sources */ = {isa = PBXBuildFile; fileRef = 035597F41EFC356E00E74B07 /* InventoryTrackingViewController.swift */; };
		035597F71EFC853600E74B07 /* ScanInventoryViewController.swift in Sources */ = {isa = PBXBuildFile; fileRef = 035597F61EFC853600E74B07 /* ScanInventoryViewController.swift */; };
		035597F91EFC85A300E74B07 /* TraceInventoryViewController.swift in Sources */ = {isa = PBXBuildFile; fileRef = 035597F81EFC85A300E74B07 /* TraceInventoryViewController.swift */; };
		037BBDAD1F06E86200DB317F /* Charts.framework in Frameworks */ = {isa = PBXBuildFile; fileRef = 037BBDA81F06E81500DB317F /* Charts.framework */; };
		037BBDAE1F06E86200DB317F /* Charts.framework in Embed Frameworks */ = {isa = PBXBuildFile; fileRef = 037BBDA81F06E81500DB317F /* Charts.framework */; settings = {ATTRIBUTES = (CodeSignOnCopy, RemoveHeadersOnCopy, ); }; };
		037BBDB31F06E9E400DB317F /* DataViewController.swift in Sources */ = {isa = PBXBuildFile; fileRef = 037BBDB21F06E9E400DB317F /* DataViewController.swift */; };
		03AC7ABE1F0FEE640054A0F7 /* logo.png in Resources */ = {isa = PBXBuildFile; fileRef = 03AC7ABD1F0FEE640054A0F7 /* logo.png */; };
		03F6BCAF1F13FD0600C6226C /* Item.swift in Sources */ = {isa = PBXBuildFile; fileRef = 03F6BCAE1F13FD0600C6226C /* Item.swift */; };
		03F6BCB11F1401F200C6226C /* ItemDataSource.swift in Sources */ = {isa = PBXBuildFile; fileRef = 03F6BCB01F1401F200C6226C /* ItemDataSource.swift */; };
		814C3ACA1B69877600E307BB /* Main.storyboard in Resources */ = {isa = PBXBuildFile; fileRef = 814C3AC61B69877600E307BB /* Main.storyboard */; };
		814C3ACB1B69877600E307BB /* Images.xcassets in Resources */ = {isa = PBXBuildFile; fileRef = 814C3AC81B69877600E307BB /* Images.xcassets */; };
		81BA814B1A49DA1800E65899 /* AppDelegate.swift in Sources */ = {isa = PBXBuildFile; fileRef = 81BA814A1A49DA1800E65899 /* AppDelegate.swift */; };
		81BA814D1A49DA1800E65899 /* ViewController.swift in Sources */ = {isa = PBXBuildFile; fileRef = 81BA814C1A49DA1800E65899 /* ViewController.swift */; };
		81BA81701A49DB6800E65899 /* Bolts.framework in Frameworks */ = {isa = PBXBuildFile; fileRef = 81BA816B1A49DB6800E65899 /* Bolts.framework */; };
		81BA81711A49DB6800E65899 /* Parse.framework in Frameworks */ = {isa = PBXBuildFile; fileRef = 81BA816C1A49DB6800E65899 /* Parse.framework */; };
		81BA81771A49E0D500E65899 /* libsqlite3.dylib in Frameworks */ = {isa = PBXBuildFile; fileRef = 81BA81761A49E0D500E65899 /* libsqlite3.dylib */; };
		81BA81791A49E0DB00E65899 /* AudioToolbox.framework in Frameworks */ = {isa = PBXBuildFile; fileRef = 81BA81781A49E0DB00E65899 /* AudioToolbox.framework */; };
		81BA817B1A49E0E500E65899 /* SystemConfiguration.framework in Frameworks */ = {isa = PBXBuildFile; fileRef = 81BA817A1A49E0E500E65899 /* SystemConfiguration.framework */; };
		81BA817F1A49E0F000E65899 /* libstdc++.6.dylib in Frameworks */ = {isa = PBXBuildFile; fileRef = 81BA817E1A49E0F000E65899 /* libstdc++.6.dylib */; };
/* End PBXBuildFile section */

/* Begin PBXContainerItemProxy section */
		037BBDA71F06E81500DB317F /* PBXContainerItemProxy */ = {
			isa = PBXContainerItemProxy;
			containerPortal = 037BBDA11F06E81500DB317F /* Charts.xcodeproj */;
			proxyType = 2;
			remoteGlobalIDString = 06165F241D8110E600722320;
			remoteInfo = Charts;
		};
		037BBDA91F06E81500DB317F /* PBXContainerItemProxy */ = {
			isa = PBXContainerItemProxy;
			containerPortal = 037BBDA11F06E81500DB317F /* Charts.xcodeproj */;
			proxyType = 2;
			remoteGlobalIDString = 06B120D51D811E6200D14B02;
			remoteInfo = ChartsRealm;
		};
		037BBDAB1F06E81500DB317F /* PBXContainerItemProxy */ = {
			isa = PBXContainerItemProxy;
			containerPortal = 037BBDA11F06E81500DB317F /* Charts.xcodeproj */;
			proxyType = 2;
			remoteGlobalIDString = 06165F2E1D8110E600722320;
			remoteInfo = ChartsTests;
		};
		037BBDAF1F06E86200DB317F /* PBXContainerItemProxy */ = {
			isa = PBXContainerItemProxy;
			containerPortal = 037BBDA11F06E81500DB317F /* Charts.xcodeproj */;
			proxyType = 1;
			remoteGlobalIDString = 06165F231D8110E600722320;
			remoteInfo = Charts;
		};
/* End PBXContainerItemProxy section */

/* Begin PBXCopyFilesBuildPhase section */
		037BBDB11F06E86200DB317F /* Embed Frameworks */ = {
			isa = PBXCopyFilesBuildPhase;
			buildActionMask = 2147483647;
			dstPath = "";
			dstSubfolderSpec = 10;
			files = (
				037BBDAE1F06E86200DB317F /* Charts.framework in Embed Frameworks */,
			);
			name = "Embed Frameworks";
			runOnlyForDeploymentPostprocessing = 0;
		};
/* End PBXCopyFilesBuildPhase section */

/* Begin PBXFileReference section */
		034F4AB91F1D6FCF00D4B238 /* GroupViewController.swift */ = {isa = PBXFileReference; fileEncoding = 4; lastKnownFileType = sourcecode.swift; name = GroupViewController.swift; path = ../GroupViewController.swift; sourceTree = "<group>"; };
		035597CE1EF1B8C900E74B07 /* HomepageViewController.swift */ = {isa = PBXFileReference; fileEncoding = 4; lastKnownFileType = sourcecode.swift; path = HomepageViewController.swift; sourceTree = "<group>"; };
		035597D01EF1FA4C00E74B07 /* Home.png */ = {isa = PBXFileReference; lastKnownFileType = image.png; name = Home.png; path = ParseStarterProject/Home.png; sourceTree = "<group>"; };
		035597D21EF32CAB00E74B07 /* inventoryTracking.jpg */ = {isa = PBXFileReference; lastKnownFileType = image.jpeg; name = inventoryTracking.jpg; path = ParseStarterProject/inventoryTracking.jpg; sourceTree = "<group>"; };
		035597D41EF32CF300E74B07 /* inventorySetup.png */ = {isa = PBXFileReference; lastKnownFileType = image.png; name = inventorySetup.png; path = ParseStarterProject/inventorySetup.png; sourceTree = "<group>"; };
		035597D61EF32D6100E74B07 /* accountManagement.png */ = {isa = PBXFileReference; lastKnownFileType = image.png; name = accountManagement.png; path = ParseStarterProject/accountManagement.png; sourceTree = "<group>"; };
		035597D81EF32E3A00E74B07 /* contactUs.png */ = {isa = PBXFileReference; lastKnownFileType = image.png; name = contactUs.png; path = ParseStarterProject/contactUs.png; sourceTree = "<group>"; };
		035597DA1EF3510900E74B07 /* BaseViewController.swift */ = {isa = PBXFileReference; fileEncoding = 4; lastKnownFileType = sourcecode.swift; name = BaseViewController.swift; path = ParseStarterProject/BaseViewController.swift; sourceTree = "<group>"; };
		035597DC1EF3523500E74B07 /* InventorySetupViewController.swift */ = {isa = PBXFileReference; fileEncoding = 4; lastKnownFileType = sourcecode.swift; path = InventorySetupViewController.swift; sourceTree = "<group>"; };
		035597E01EF3525100E74B07 /* AccountManagementViewController.swift */ = {isa = PBXFileReference; fileEncoding = 4; lastKnownFileType = sourcecode.swift; path = AccountManagementViewController.swift; sourceTree = "<group>"; };
		035597E41EF9A3E700E74B07 /* Second.storyboard */ = {isa = PBXFileReference; fileEncoding = 4; lastKnownFileType = file.storyboard; name = Second.storyboard; path = ParseStarterProject/Second.storyboard; sourceTree = "<group>"; };
		035597F01EF9D1B600E74B07 /* ContactUsViewController.swift */ = {isa = PBXFileReference; fileEncoding = 4; lastKnownFileType = sourcecode.swift; name = ContactUsViewController.swift; path = ../ContactUsViewController.swift; sourceTree = "<group>"; };
		035597F41EFC356E00E74B07 /* InventoryTrackingViewController.swift */ = {isa = PBXFileReference; fileEncoding = 4; lastKnownFileType = sourcecode.swift; name = InventoryTrackingViewController.swift; path = ../InventoryTrackingViewController.swift; sourceTree = "<group>"; };
		035597F61EFC853600E74B07 /* ScanInventoryViewController.swift */ = {isa = PBXFileReference; fileEncoding = 4; lastKnownFileType = sourcecode.swift; path = ScanInventoryViewController.swift; sourceTree = "<group>"; };
		035597F81EFC85A300E74B07 /* TraceInventoryViewController.swift */ = {isa = PBXFileReference; fileEncoding = 4; lastKnownFileType = sourcecode.swift; path = TraceInventoryViewController.swift; sourceTree = "<group>"; };
		037BBDA11F06E81500DB317F /* Charts.xcodeproj */ = {isa = PBXFileReference; lastKnownFileType = "wrapper.pb-project"; name = Charts.xcodeproj; path = "../../../Downloads/Charts-3.0.0/Charts.xcodeproj"; sourceTree = "<group>"; };
		037BBDB21F06E9E400DB317F /* DataViewController.swift */ = {isa = PBXFileReference; fileEncoding = 4; lastKnownFileType = sourcecode.swift; name = DataViewController.swift; path = ../DataViewController.swift; sourceTree = "<group>"; };
		03AC7ABD1F0FEE640054A0F7 /* logo.png */ = {isa = PBXFileReference; lastKnownFileType = image.png; path = logo.png; sourceTree = "<group>"; };
		03F6BCAE1F13FD0600C6226C /* Item.swift */ = {isa = PBXFileReference; fileEncoding = 4; lastKnownFileType = sourcecode.swift; path = Item.swift; sourceTree = "<group>"; };
		03F6BCB01F1401F200C6226C /* ItemDataSource.swift */ = {isa = PBXFileReference; fileEncoding = 4; lastKnownFileType = sourcecode.swift; path = ItemDataSource.swift; sourceTree = "<group>"; };
		814C3AC71B69877600E307BB /* Base */ = {isa = PBXFileReference; lastKnownFileType = file.storyboard; name = Base; path = Base.lproj/Main.storyboard; sourceTree = "<group>"; };
		814C3AC81B69877600E307BB /* Images.xcassets */ = {isa = PBXFileReference; lastKnownFileType = folder.assetcatalog; path = Images.xcassets; sourceTree = "<group>"; };
		814C3AC91B69877600E307BB /* Info.plist */ = {isa = PBXFileReference; fileEncoding = 4; lastKnownFileType = text.plist.xml; path = Info.plist; sourceTree = "<group>"; };
		81BA81451A49DA1800E65899 /* Smarthin.app */ = {isa = PBXFileReference; explicitFileType = wrapper.application; includeInIndex = 0; path = Smarthin.app; sourceTree = BUILT_PRODUCTS_DIR; };
		81BA814A1A49DA1800E65899 /* AppDelegate.swift */ = {isa = PBXFileReference; lastKnownFileType = sourcecode.swift; name = AppDelegate.swift; path = ParseStarterProject/AppDelegate.swift; sourceTree = "<group>"; };
		81BA814C1A49DA1800E65899 /* ViewController.swift */ = {isa = PBXFileReference; lastKnownFileType = sourcecode.swift; path = ViewController.swift; sourceTree = "<group>"; };
		81BA816B1A49DB6800E65899 /* Bolts.framework */ = {isa = PBXFileReference; lastKnownFileType = wrapper.framework; path = Bolts.framework; sourceTree = "<group>"; };
		81BA816C1A49DB6800E65899 /* Parse.framework */ = {isa = PBXFileReference; lastKnownFileType = wrapper.framework; path = Parse.framework; sourceTree = "<group>"; };
		81BA816E1A49DB6800E65899 /* ParseFacebookUtils.framework */ = {isa = PBXFileReference; lastKnownFileType = wrapper.framework; path = ParseFacebookUtils.framework; sourceTree = "<group>"; };
		81BA81761A49E0D500E65899 /* libsqlite3.dylib */ = {isa = PBXFileReference; lastKnownFileType = "compiled.mach-o.dylib"; name = libsqlite3.dylib; path = usr/lib/libsqlite3.dylib; sourceTree = SDKROOT; };
		81BA81781A49E0DB00E65899 /* AudioToolbox.framework */ = {isa = PBXFileReference; lastKnownFileType = wrapper.framework; name = AudioToolbox.framework; path = System/Library/Frameworks/AudioToolbox.framework; sourceTree = SDKROOT; };
		81BA817A1A49E0E500E65899 /* SystemConfiguration.framework */ = {isa = PBXFileReference; lastKnownFileType = wrapper.framework; name = SystemConfiguration.framework; path = System/Library/Frameworks/SystemConfiguration.framework; sourceTree = SDKROOT; };
		81BA817E1A49E0F000E65899 /* libstdc++.6.dylib */ = {isa = PBXFileReference; lastKnownFileType = "compiled.mach-o.dylib"; name = "libstdc++.6.dylib"; path = "usr/lib/libstdc++.6.dylib"; sourceTree = SDKROOT; };
		81BA81801A49E10C00E65899 /* ParseUI.framework */ = {isa = PBXFileReference; lastKnownFileType = wrapper.framework; path = ParseUI.framework; sourceTree = "<group>"; };
/* End PBXFileReference section */

/* Begin PBXFrameworksBuildPhase section */
		81BA81421A49DA1800E65899 /* Frameworks */ = {
			isa = PBXFrameworksBuildPhase;
			buildActionMask = 2147483647;
			files = (
				81BA817F1A49E0F000E65899 /* libstdc++.6.dylib in Frameworks */,
				81BA817B1A49E0E500E65899 /* SystemConfiguration.framework in Frameworks */,
				81BA81791A49E0DB00E65899 /* AudioToolbox.framework in Frameworks */,
				037BBDAD1F06E86200DB317F /* Charts.framework in Frameworks */,
				81BA81771A49E0D500E65899 /* libsqlite3.dylib in Frameworks */,
				81BA81711A49DB6800E65899 /* Parse.framework in Frameworks */,
				81BA81701A49DB6800E65899 /* Bolts.framework in Frameworks */,
			);
			runOnlyForDeploymentPostprocessing = 0;
		};
/* End PBXFrameworksBuildPhase section */

/* Begin PBXGroup section */
		037BBD9E1F06E70C00DB317F /* Pictures */ = {
			isa = PBXGroup;
			children = (
				035597D81EF32E3A00E74B07 /* contactUs.png */,
				035597D41EF32CF300E74B07 /* inventorySetup.png */,
				03AC7ABD1F0FEE640054A0F7 /* logo.png */,
				035597D21EF32CAB00E74B07 /* inventoryTracking.jpg */,
				035597D61EF32D6100E74B07 /* accountManagement.png */,
				035597D01EF1FA4C00E74B07 /* Home.png */,
			);
			name = Pictures;
			sourceTree = "<group>";
		};
		037BBD9F1F06E72500DB317F /* Classes */ = {
			isa = PBXGroup;
			children = (
				03F6BCB01F1401F200C6226C /* ItemDataSource.swift */,
				035597DA1EF3510900E74B07 /* BaseViewController.swift */,
				03F6BCAE1F13FD0600C6226C /* Item.swift */,
				81BA814A1A49DA1800E65899 /* AppDelegate.swift */,
			);
			name = Classes;
			sourceTree = "<group>";
		};
		037BBDA01F06E72E00DB317F /* Interfaces */ = {
			isa = PBXGroup;
			children = (
				814C3AC61B69877600E307BB /* Main.storyboard */,
				035597E41EF9A3E700E74B07 /* Second.storyboard */,
			);
			name = Interfaces;
			sourceTree = "<group>";
		};
		037BBDA21F06E81500DB317F /* Products */ = {
			isa = PBXGroup;
			children = (
				037BBDA81F06E81500DB317F /* Charts.framework */,
				037BBDAA1F06E81500DB317F /* ChartsRealm.framework */,
				037BBDAC1F06E81500DB317F /* ChartsTests.xctest */,
			);
			name = Products;
			sourceTree = "<group>";
		};
		814C3AC51B69877600E307BB /* Resources */ = {
			isa = PBXGroup;
			children = (
				814C3AC81B69877600E307BB /* Images.xcassets */,
				814C3AC91B69877600E307BB /* Info.plist */,
			);
			path = Resources;
			sourceTree = "<group>";
		};
		81BA813C1A49DA1800E65899 = {
			isa = PBXGroup;
			children = (
				81BA81471A49DA1800E65899 /* ViewControllers */,
				037BBDA11F06E81500DB317F /* Charts.xcodeproj */,
				037BBDA01F06E72E00DB317F /* Interfaces */,
				037BBD9F1F06E72500DB317F /* Classes */,
				037BBD9E1F06E70C00DB317F /* Pictures */,
				814C3AC51B69877600E307BB /* Resources */,
				81BA816A1A49DB5600E65899 /* Frameworks */,
				81BA81461A49DA1800E65899 /* Products */,
			);
			sourceTree = "<group>";
		};
		81BA81461A49DA1800E65899 /* Products */ = {
			isa = PBXGroup;
			children = (
				81BA81451A49DA1800E65899 /* Smarthin.app */,
			);
			name = Products;
			sourceTree = "<group>";
		};
		81BA81471A49DA1800E65899 /* ViewControllers */ = {
			isa = PBXGroup;
			children = (
				035597F41EFC356E00E74B07 /* InventoryTrackingViewController.swift */,
				034F4AB91F1D6FCF00D4B238 /* GroupViewController.swift */,
				037BBDB21F06E9E400DB317F /* DataViewController.swift */,
				035597F61EFC853600E74B07 /* ScanInventoryViewController.swift */,
				035597F81EFC85A300E74B07 /* TraceInventoryViewController.swift */,
				035597F01EF9D1B600E74B07 /* ContactUsViewController.swift */,
				81BA814C1A49DA1800E65899 /* ViewController.swift */,
				035597CE1EF1B8C900E74B07 /* HomepageViewController.swift */,
				035597DC1EF3523500E74B07 /* InventorySetupViewController.swift */,
				035597E01EF3525100E74B07 /* AccountManagementViewController.swift */,
			);
			name = ViewControllers;
			path = ParseStarterProject;
			sourceTree = "<group>";
		};
		81BA816A1A49DB5600E65899 /* Frameworks */ = {
			isa = PBXGroup;
			children = (
				81BA816B1A49DB6800E65899 /* Bolts.framework */,
				81BA816C1A49DB6800E65899 /* Parse.framework */,
				81BA816E1A49DB6800E65899 /* ParseFacebookUtils.framework */,
				81BA81801A49E10C00E65899 /* ParseUI.framework */,
				81BA81751A49E0C500E65899 /* System Frameworks */,
			);
			name = Frameworks;
			sourceTree = "<group>";
		};
		81BA81751A49E0C500E65899 /* System Frameworks */ = {
			isa = PBXGroup;
			children = (
				81BA817E1A49E0F000E65899 /* libstdc++.6.dylib */,
				81BA817A1A49E0E500E65899 /* SystemConfiguration.framework */,
				81BA81781A49E0DB00E65899 /* AudioToolbox.framework */,
				81BA81761A49E0D500E65899 /* libsqlite3.dylib */,
			);
			name = "System Frameworks";
			sourceTree = "<group>";
		};
/* End PBXGroup section */

/* Begin PBXNativeTarget section */
		81BA81441A49DA1800E65899 /* Smarthin */ = {
			isa = PBXNativeTarget;
			buildConfigurationList = 81BA81641A49DA1800E65899 /* Build configuration list for PBXNativeTarget "Smarthin" */;
			buildPhases = (
				81BA81411A49DA1800E65899 /* Sources */,
				81BA81421A49DA1800E65899 /* Frameworks */,
				81BA81431A49DA1800E65899 /* Resources */,
				037BBDB11F06E86200DB317F /* Embed Frameworks */,
			);
			buildRules = (
			);
			dependencies = (
				037BBDB01F06E86200DB317F /* PBXTargetDependency */,
			);
			name = Smarthin;
			productName = ParseStarterProject;
			productReference = 81BA81451A49DA1800E65899 /* Smarthin.app */;
			productType = "com.apple.product-type.application";
		};
/* End PBXNativeTarget section */

/* Begin PBXProject section */
		81BA813D1A49DA1800E65899 /* Project object */ = {
			isa = PBXProject;
			attributes = {
				LastSwiftUpdateCheck = 0700;
				LastUpgradeCheck = 0830;
				ORGANIZATIONNAME = Smarthin;
				TargetAttributes = {
					81BA81441A49DA1800E65899 = {
						CreatedOnToolsVersion = 6.1.1;
						LastSwiftMigration = 0800;
					};
				};
			};
			buildConfigurationList = 81BA81401A49DA1800E65899 /* Build configuration list for PBXProject "Smarthin" */;
			compatibilityVersion = "Xcode 3.2";
			developmentRegion = English;
			hasScannedForEncodings = 0;
			knownRegions = (
				en,
				Base,
			);
			mainGroup = 81BA813C1A49DA1800E65899;
			productRefGroup = 81BA81461A49DA1800E65899 /* Products */;
			projectDirPath = "";
			projectReferences = (
				{
					ProductGroup = 037BBDA21F06E81500DB317F /* Products */;
					ProjectRef = 037BBDA11F06E81500DB317F /* Charts.xcodeproj */;
				},
			);
			projectRoot = "";
			targets = (
				81BA81441A49DA1800E65899 /* Smarthin */,
			);
		};
/* End PBXProject section */

/* Begin PBXReferenceProxy section */
		037BBDA81F06E81500DB317F /* Charts.framework */ = {
			isa = PBXReferenceProxy;
			fileType = wrapper.framework;
			path = Charts.framework;
			remoteRef = 037BBDA71F06E81500DB317F /* PBXContainerItemProxy */;
			sourceTree = BUILT_PRODUCTS_DIR;
		};
		037BBDAA1F06E81500DB317F /* ChartsRealm.framework */ = {
			isa = PBXReferenceProxy;
			fileType = wrapper.framework;
			path = ChartsRealm.framework;
			remoteRef = 037BBDA91F06E81500DB317F /* PBXContainerItemProxy */;
			sourceTree = BUILT_PRODUCTS_DIR;
		};
		037BBDAC1F06E81500DB317F /* ChartsTests.xctest */ = {
			isa = PBXReferenceProxy;
			fileType = wrapper.cfbundle;
			path = ChartsTests.xctest;
			remoteRef = 037BBDAB1F06E81500DB317F /* PBXContainerItemProxy */;
			sourceTree = BUILT_PRODUCTS_DIR;
		};
/* End PBXReferenceProxy section */

/* Begin PBXResourcesBuildPhase section */
		81BA81431A49DA1800E65899 /* Resources */ = {
			isa = PBXResourcesBuildPhase;
			buildActionMask = 2147483647;
			files = (
				035597D71EF32D6100E74B07 /* accountManagement.png in Resources */,
				035597D11EF1FA4C00E74B07 /* Home.png in Resources */,
				03AC7ABE1F0FEE640054A0F7 /* logo.png in Resources */,
				035597D31EF32CAB00E74B07 /* inventoryTracking.jpg in Resources */,
				035597D91EF32E3A00E74B07 /* contactUs.png in Resources */,
				035597E51EF9A3E700E74B07 /* Second.storyboard in Resources */,
				814C3ACA1B69877600E307BB /* Main.storyboard in Resources */,
				814C3ACB1B69877600E307BB /* Images.xcassets in Resources */,
				035597D51EF32CF300E74B07 /* inventorySetup.png in Resources */,
			);
			runOnlyForDeploymentPostprocessing = 0;
		};
/* End PBXResourcesBuildPhase section */

/* Begin PBXSourcesBuildPhase section */
		81BA81411A49DA1800E65899 /* Sources */ = {
			isa = PBXSourcesBuildPhase;
			buildActionMask = 2147483647;
			files = (
				03F6BCB11F1401F200C6226C /* ItemDataSource.swift in Sources */,
				035597F51EFC356E00E74B07 /* InventoryTrackingViewController.swift in Sources */,
				035597E11EF3525100E74B07 /* AccountManagementViewController.swift in Sources */,
				81BA814D1A49DA1800E65899 /* ViewController.swift in Sources */,
				035597DB1EF3510900E74B07 /* BaseViewController.swift in Sources */,
				03F6BCAF1F13FD0600C6226C /* Item.swift in Sources */,
				034F4ABA1F1D6FCF00D4B238 /* GroupViewController.swift in Sources */,
				035597F71EFC853600E74B07 /* ScanInventoryViewController.swift in Sources */,
				035597F11EF9D1B600E74B07 /* ContactUsViewController.swift in Sources */,
				035597DD1EF3523500E74B07 /* InventorySetupViewController.swift in Sources */,
				035597F91EFC85A300E74B07 /* TraceInventoryViewController.swift in Sources */,
				81BA814B1A49DA1800E65899 /* AppDelegate.swift in Sources */,
				035597CF1EF1B8C900E74B07 /* HomepageViewController.swift in Sources */,
				037BBDB31F06E9E400DB317F /* DataViewController.swift in Sources */,
			);
			runOnlyForDeploymentPostprocessing = 0;
		};
/* End PBXSourcesBuildPhase section */

/* Begin PBXTargetDependency section */
		037BBDB01F06E86200DB317F /* PBXTargetDependency */ = {
			isa = PBXTargetDependency;
			name = Charts;
			targetProxy = 037BBDAF1F06E86200DB317F /* PBXContainerItemProxy */;
		};
/* End PBXTargetDependency section */

/* Begin PBXVariantGroup section */
		814C3AC61B69877600E307BB /* Main.storyboard */ = {
			isa = PBXVariantGroup;
			children = (
				814C3AC71B69877600E307BB /* Base */,
			);
			name = Main.storyboard;
			path = Resources;
			sourceTree = "<group>";
		};
/* End PBXVariantGroup section */

/* Begin XCBuildConfiguration section */
		81BA81621A49DA1800E65899 /* Debug */ = {
			isa = XCBuildConfiguration;
			buildSettings = {
				ALWAYS_SEARCH_USER_PATHS = NO;
				CLANG_CXX_LANGUAGE_STANDARD = "gnu++0x";
				CLANG_CXX_LIBRARY = "libc++";
				CLANG_ENABLE_MODULES = YES;
				CLANG_ENABLE_OBJC_ARC = YES;
				CLANG_WARN_BOOL_CONVERSION = YES;
				CLANG_WARN_CONSTANT_CONVERSION = YES;
				CLANG_WARN_DIRECT_OBJC_ISA_USAGE = YES_ERROR;
				CLANG_WARN_EMPTY_BODY = YES;
				CLANG_WARN_ENUM_CONVERSION = YES;
				CLANG_WARN_INFINITE_RECURSION = YES;
				CLANG_WARN_INT_CONVERSION = YES;
				CLANG_WARN_OBJC_ROOT_CLASS = YES_ERROR;
				CLANG_WARN_SUSPICIOUS_MOVE = YES;
				CLANG_WARN_UNREACHABLE_CODE = YES;
				CLANG_WARN__DUPLICATE_METHOD_MATCH = YES;
				"CODE_SIGN_IDENTITY[sdk=iphoneos*]" = "iPhone Developer";
				COPY_PHASE_STRIP = NO;
				ENABLE_STRICT_OBJC_MSGSEND = YES;
				ENABLE_TESTABILITY = YES;
				GCC_C_LANGUAGE_STANDARD = gnu99;
				GCC_DYNAMIC_NO_PIC = NO;
				GCC_NO_COMMON_BLOCKS = YES;
				GCC_OPTIMIZATION_LEVEL = 0;
				GCC_PREPROCESSOR_DEFINITIONS = (
					"DEBUG=1",
					"$(inherited)",
				);
				GCC_SYMBOLS_PRIVATE_EXTERN = NO;
				GCC_WARN_64_TO_32_BIT_CONVERSION = YES;
				GCC_WARN_ABOUT_RETURN_TYPE = YES_ERROR;
				GCC_WARN_UNDECLARED_SELECTOR = YES;
				GCC_WARN_UNINITIALIZED_AUTOS = YES_AGGRESSIVE;
				GCC_WARN_UNUSED_FUNCTION = YES;
				GCC_WARN_UNUSED_VARIABLE = YES;
				IPHONEOS_DEPLOYMENT_TARGET = 8.0;
				MTL_ENABLE_DEBUG_INFO = YES;
				ONLY_ACTIVE_ARCH = YES;
				SDKROOT = iphoneos;
				SWIFT_OPTIMIZATION_LEVEL = "-Onone";
				TARGETED_DEVICE_FAMILY = "1,2";
			};
			name = Debug;
		};
		81BA81631A49DA1800E65899 /* Release */ = {
			isa = XCBuildConfiguration;
			buildSettings = {
				ALWAYS_SEARCH_USER_PATHS = NO;
				CLANG_CXX_LANGUAGE_STANDARD = "gnu++0x";
				CLANG_CXX_LIBRARY = "libc++";
				CLANG_ENABLE_MODULES = YES;
				CLANG_ENABLE_OBJC_ARC = YES;
				CLANG_WARN_BOOL_CONVERSION = YES;
				CLANG_WARN_CONSTANT_CONVERSION = YES;
				CLANG_WARN_DIRECT_OBJC_ISA_USAGE = YES_ERROR;
				CLANG_WARN_EMPTY_BODY = YES;
				CLANG_WARN_ENUM_CONVERSION = YES;
				CLANG_WARN_INFINITE_RECURSION = YES;
				CLANG_WARN_INT_CONVERSION = YES;
				CLANG_WARN_OBJC_ROOT_CLASS = YES_ERROR;
				CLANG_WARN_SUSPICIOUS_MOVE = YES;
				CLANG_WARN_UNREACHABLE_CODE = YES;
				CLANG_WARN__DUPLICATE_METHOD_MATCH = YES;
				"CODE_SIGN_IDENTITY[sdk=iphoneos*]" = "iPhone Developer";
				COPY_PHASE_STRIP = YES;
				ENABLE_NS_ASSERTIONS = NO;
				ENABLE_STRICT_OBJC_MSGSEND = YES;
				GCC_C_LANGUAGE_STANDARD = gnu99;
				GCC_NO_COMMON_BLOCKS = YES;
				GCC_WARN_64_TO_32_BIT_CONVERSION = YES;
				GCC_WARN_ABOUT_RETURN_TYPE = YES_ERROR;
				GCC_WARN_UNDECLARED_SELECTOR = YES;
				GCC_WARN_UNINITIALIZED_AUTOS = YES_AGGRESSIVE;
				GCC_WARN_UNUSED_FUNCTION = YES;
				GCC_WARN_UNUSED_VARIABLE = YES;
				IPHONEOS_DEPLOYMENT_TARGET = 8.0;
				MTL_ENABLE_DEBUG_INFO = NO;
				SDKROOT = iphoneos;
				TARGETED_DEVICE_FAMILY = "1,2";
				VALIDATE_PRODUCT = YES;
			};
			name = Release;
		};
		81BA81651A49DA1800E65899 /* Debug */ = {
			isa = XCBuildConfiguration;
			buildSettings = {
				ALWAYS_EMBED_SWIFT_STANDARD_LIBRARIES = YES;
				ASSETCATALOG_COMPILER_APPICON_NAME = AppIcon;
				ASSETCATALOG_COMPILER_LAUNCHIMAGE_NAME = LaunchImage;
				FRAMEWORK_SEARCH_PATHS = (
					"$(inherited)",
					"$(PROJECT_DIR)",
				);
				INFOPLIST_FILE = Resources/Info.plist;
				LD_RUNPATH_SEARCH_PATHS = "$(inherited) @executable_path/Frameworks";
				PRODUCT_BUNDLE_IDENTIFIER = "com.parse.$(PRODUCT_NAME:rfc1034identifier)";
				PRODUCT_NAME = "$(TARGET_NAME)";
				SWIFT_VERSION = 3.0;
			};
			name = Debug;
		};
		81BA81661A49DA1800E65899 /* Release */ = {
			isa = XCBuildConfiguration;
			buildSettings = {
				ALWAYS_EMBED_SWIFT_STANDARD_LIBRARIES = YES;
				ASSETCATALOG_COMPILER_APPICON_NAME = AppIcon;
				ASSETCATALOG_COMPILER_LAUNCHIMAGE_NAME = LaunchImage;
				FRAMEWORK_SEARCH_PATHS = (
					"$(inherited)",
					"$(PROJECT_DIR)",
				);
				INFOPLIST_FILE = Resources/Info.plist;
				LD_RUNPATH_SEARCH_PATHS = "$(inherited) @executable_path/Frameworks";
				PRODUCT_BUNDLE_IDENTIFIER = "com.parse.$(PRODUCT_NAME:rfc1034identifier)";
				PRODUCT_NAME = "$(TARGET_NAME)";
				SWIFT_OPTIMIZATION_LEVEL = "-Owholemodule";
				SWIFT_VERSION = 3.0;
			};
			name = Release;
		};
/* End XCBuildConfiguration section */

/* Begin XCConfigurationList section */
		81BA81401A49DA1800E65899 /* Build configuration list for PBXProject "Smarthin" */ = {
			isa = XCConfigurationList;
			buildConfigurations = (
				81BA81621A49DA1800E65899 /* Debug */,
				81BA81631A49DA1800E65899 /* Release */,
			);
			defaultConfigurationIsVisible = 0;
			defaultConfigurationName = Release;
		};
		81BA81641A49DA1800E65899 /* Build configuration list for PBXNativeTarget "Smarthin" */ = {
			isa = XCConfigurationList;
			buildConfigurations = (
				81BA81651A49DA1800E65899 /* Debug */,
				81BA81661A49DA1800E65899 /* Release */,
			);
			defaultConfigurationIsVisible = 0;
			defaultConfigurationName = Release;
		};
/* End XCConfigurationList section */
	};
	rootObject = 81BA813D1A49DA1800E65899 /* Project object */;
}
